
Microsoft Visual Studio Solution File, Format Version 12.00
# Visual Studio Version 16
VisualStudioVersion = 16.0.29326.143
MinimumVisualStudioVersion = 10.0.40219.1
Project("{FAE04EC0-301F-11D3-BF4B-00C04F79EFBC}") = "ContosoUniversity2", "ContosoUniversity2.csproj", "{36951A95-8BCC-4403-80EE-F25E52CB5C68}"
EndProject
Global
	GlobalSection(SolutionConfigurationPlatforms) = preSolution
		Debug|Any CPU = Debug|Any CPU
		Release|Any CPU = Release|Any CPU
	EndGlobalSection
	GlobalSection(ProjectConfigurationPlatforms) = postSolution
		{36951A95-8BCC-4403-80EE-F25E52CB5C68}.Debug|Any CPU.ActiveCfg = Debug|Any CPU
		{36951A95-8BCC-4403-80EE-F25E52CB5C68}.Debug|Any CPU.Build.0 = Debug|Any CPU
		{36951A95-8BCC-4403-80EE-F25E52CB5C68}.Release|Any CPU.ActiveCfg = Release|Any CPU
		{36951A95-8BCC-4403-80EE-F25E52CB5C68}.Release|Any CPU.Build.0 = Release|Any CPU
	EndGlobalSection
	GlobalSection(SolutionProperties) = preSolution
		HideSolutionNode = FALSE
	EndGlobalSection
	GlobalSection(ExtensibilityGlobals) = postSolution
		SolutionGuid = {8441EDBE-82CE-411A-B4F4-D7632B4171DA}
	EndGlobalSection
EndGlobal
